
Microsoft Visual Studio Solution File, Format Version 12.00
# Visual Studio Version 17
VisualStudioVersion = 17.13.35828.75
MinimumVisualStudioVersion = 10.0.40219.1
Project("{FAE04EC0-301F-11D3-BF4B-00C04F79EFBC}") = "MicroBus", "MicroBus\MicroBus.csproj", "{5EE6ED50-7839-431B-981E-559C586EC07B}"
EndProject
Project("{FAE04EC0-301F-11D3-BF4B-00C04F79EFBC}") = "UserService", "UserService\UserService.csproj", "{79354D85-861C-4D89-A565-0338736EAD4A}"
EndProject
Project("{FAE04EC0-301F-11D3-BF4B-00C04F79EFBC}") = "OrderService", "OrderService\OrderService.csproj", "{99FC1E8E-7B72-4287-8A9D-3D94BC3B0DF4}"
EndProject
Project("{FAE04EC0-301F-11D3-BF4B-00C04F79EFBC}") = "Shared", "Shared\Shared.csproj", "{A86AE877-C490-43FC-BE93-46402FDD6167}"
EndProject
Global
	GlobalSection(SolutionConfigurationPlatforms) = preSolution
		Debug|Any CPU = Debug|Any CPU
		Release|Any CPU = Release|Any CPU
	EndGlobalSection
	GlobalSection(ProjectConfigurationPlatforms) = postSolution
		{5EE6ED50-7839-431B-981E-559C586EC07B}.Debug|Any CPU.ActiveCfg = Debug|Any CPU
		{5EE6ED50-7839-431B-981E-559C586EC07B}.Debug|Any CPU.Build.0 = Debug|Any CPU
		{5EE6ED50-7839-431B-981E-559C586EC07B}.Release|Any CPU.ActiveCfg = Release|Any CPU
		{5EE6ED50-7839-431B-981E-559C586EC07B}.Release|Any CPU.Build.0 = Release|Any CPU
		{79354D85-861C-4D89-A565-0338736EAD4A}.Debug|Any CPU.ActiveCfg = Debug|Any CPU
		{79354D85-861C-4D89-A565-0338736EAD4A}.Debug|Any CPU.Build.0 = Debug|Any CPU
		{79354D85-861C-4D89-A565-0338736EAD4A}.Release|Any CPU.ActiveCfg = Release|Any CPU
		{79354D85-861C-4D89-A565-0338736EAD4A}.Release|Any CPU.Build.0 = Release|Any CPU
		{99FC1E8E-7B72-4287-8A9D-3D94BC3B0DF4}.Debug|Any CPU.ActiveCfg = Debug|Any CPU
		{99FC1E8E-7B72-4287-8A9D-3D94BC3B0DF4}.Debug|Any CPU.Build.0 = Debug|Any CPU
		{99FC1E8E-7B72-4287-8A9D-3D94BC3B0DF4}.Release|Any CPU.ActiveCfg = Release|Any CPU
		{99FC1E8E-7B72-4287-8A9D-3D94BC3B0DF4}.Release|Any CPU.Build.0 = Release|Any CPU
		{A86AE877-C490-43FC-BE93-46402FDD6167}.Debug|Any CPU.ActiveCfg = Debug|Any CPU
		{A86AE877-C490-43FC-BE93-46402FDD6167}.Debug|Any CPU.Build.0 = Debug|Any CPU
		{A86AE877-C490-43FC-BE93-46402FDD6167}.Release|Any CPU.ActiveCfg = Release|Any CPU
		{A86AE877-C490-43FC-BE93-46402FDD6167}.Release|Any CPU.Build.0 = Release|Any CPU
	EndGlobalSection
	GlobalSection(SolutionProperties) = preSolution
		HideSolutionNode = FALSE
	EndGlobalSection
	GlobalSection(ExtensibilityGlobals) = postSolution
		SolutionGuid = {A7A36C74-D02B-4304-9237-D2AA0E31DABF}
	EndGlobalSection
EndGlobal
